// !$*UTF8*$!
{
	archiveVersion = 1;
	classes = {
	};
	objectVersion = 53;
	objects = {

/* Begin PBXBuildFile section */
		04161BA729B0A9FC0017C510 /* AppDelegate.swift in Sources */ = {isa = PBXBuildFile; fileRef = 04161BA629B0A9FC0017C510 /* AppDelegate.swift */; };
		04161BA929B0A9FC0017C510 /* SceneDelegate.swift in Sources */ = {isa = PBXBuildFile; fileRef = 04161BA829B0A9FC0017C510 /* SceneDelegate.swift */; };
		04161BAB29B0A9FC0017C510 /* ViewController.swift in Sources */ = {isa = PBXBuildFile; fileRef = 04161BAA29B0A9FC0017C510 /* ViewController.swift */; };
		04161BAE29B0A9FC0017C510 /* Main.storyboard in Resources */ = {isa = PBXBuildFile; fileRef = 04161BAC29B0A9FC0017C510 /* Main.storyboard */; };
		04161BB029B0AA000017C510 /* Assets.xcassets in Resources */ = {isa = PBXBuildFile; fileRef = 04161BAF29B0AA000017C510 /* Assets.xcassets */; };
		04161BB329B0AA000017C510 /* LaunchScreen.storyboard in Resources */ = {isa = PBXBuildFile; fileRef = 04161BB129B0AA000017C510 /* LaunchScreen.storyboard */; };
		04161BBE29B0AA000017C510 /* QSwiftListTests.swift in Sources */ = {isa = PBXBuildFile; fileRef = 04161BBD29B0AA000017C510 /* QSwiftListTests.swift */; };
		04161BC829B0AA000017C510 /* QSwiftListUITests.swift in Sources */ = {isa = PBXBuildFile; fileRef = 04161BC729B0AA000017C510 /* QSwiftListUITests.swift */; };
		04161BCA29B0AA000017C510 /* QSwiftListUITestsLaunchTests.swift in Sources */ = {isa = PBXBuildFile; fileRef = 04161BC929B0AA000017C510 /* QSwiftListUITestsLaunchTests.swift */; };
		04161BE129B0AD8D0017C510 /* Macro.swift in Sources */ = {isa = PBXBuildFile; fileRef = 04161BE029B0AD8D0017C510 /* Macro.swift */; };
		044799DF29B1906900C1AF12 /* MacroUI.swift in Sources */ = {isa = PBXBuildFile; fileRef = 044799DE29B1906900C1AF12 /* MacroUI.swift */; };
		F178A23524D88F42B194A6F8 /* Pods_QSwiftList.framework in Frameworks */ = {isa = PBXBuildFile; fileRef = 47380C6F8EF7B157559E35FB /* Pods_QSwiftList.framework */; };
/* End PBXBuildFile section */

/* Begin PBXContainerItemProxy section */
		04161BBA29B0AA000017C510 /* PBXContainerItemProxy */ = {
			isa = PBXContainerItemProxy;
			containerPortal = 04161B9B29B0A9FC0017C510 /* Project object */;
			proxyType = 1;
			remoteGlobalIDString = 04161BA229B0A9FC0017C510;
			remoteInfo = QSwiftList;
		};
		04161BC429B0AA000017C510 /* PBXContainerItemProxy */ = {
			isa = PBXContainerItemProxy;
			containerPortal = 04161B9B29B0A9FC0017C510 /* Project object */;
			proxyType = 1;
			remoteGlobalIDString = 04161BA229B0A9FC0017C510;
			remoteInfo = QSwiftList;
		};
/* End PBXContainerItemProxy section */

/* Begin PBXFileReference section */
		04161BA329B0A9FC0017C510 /* QSwiftList.app */ = {isa = PBXFileReference; explicitFileType = wrapper.application; includeInIndex = 0; path = QSwiftList.app; sourceTree = BUILT_PRODUCTS_DIR; };
		04161BA629B0A9FC0017C510 /* AppDelegate.swift */ = {isa = PBXFileReference; lastKnownFileType = sourcecode.swift; path = AppDelegate.swift; sourceTree = "<group>"; };
		04161BA829B0A9FC0017C510 /* SceneDelegate.swift */ = {isa = PBXFileReference; lastKnownFileType = sourcecode.swift; path = SceneDelegate.swift; sourceTree = "<group>"; };
		04161BAA29B0A9FC0017C510 /* ViewController.swift */ = {isa = PBXFileReference; lastKnownFileType = sourcecode.swift; path = ViewController.swift; sourceTree = "<group>"; };
		04161BAD29B0A9FC0017C510 /* Base */ = {isa = PBXFileReference; lastKnownFileType = file.storyboard; name = Base; path = Base.lproj/Main.storyboard; sourceTree = "<group>"; };
		04161BAF29B0AA000017C510 /* Assets.xcassets */ = {isa = PBXFileReference; lastKnownFileType = folder.assetcatalog; path = Assets.xcassets; sourceTree = "<group>"; };
		04161BB229B0AA000017C510 /* Base */ = {isa = PBXFileReference; lastKnownFileType = file.storyboard; name = Base; path = Base.lproj/LaunchScreen.storyboard; sourceTree = "<group>"; };
		04161BB429B0AA000017C510 /* Info.plist */ = {isa = PBXFileReference; lastKnownFileType = text.plist.xml; path = Info.plist; sourceTree = "<group>"; };
		04161BB929B0AA000017C510 /* QSwiftListTests.xctest */ = {isa = PBXFileReference; explicitFileType = wrapper.cfbundle; includeInIndex = 0; path = QSwiftListTests.xctest; sourceTree = BUILT_PRODUCTS_DIR; };
		04161BBD29B0AA000017C510 /* QSwiftListTests.swift */ = {isa = PBXFileReference; lastKnownFileType = sourcecode.swift; path = QSwiftListTests.swift; sourceTree = "<group>"; };
		04161BC329B0AA000017C510 /* QSwiftListUITests.xctest */ = {isa = PBXFileReference; explicitFileType = wrapper.cfbundle; includeInIndex = 0; path = QSwiftListUITests.xctest; sourceTree = BUILT_PRODUCTS_DIR; };
		04161BC729B0AA000017C510 /* QSwiftListUITests.swift */ = {isa = PBXFileReference; lastKnownFileType = sourcecode.swift; path = QSwiftListUITests.swift; sourceTree = "<group>"; };
		04161BC929B0AA000017C510 /* QSwiftListUITestsLaunchTests.swift */ = {isa = PBXFileReference; lastKnownFileType = sourcecode.swift; path = QSwiftListUITestsLaunchTests.swift; sourceTree = "<group>"; };
		04161BE029B0AD8D0017C510 /* Macro.swift */ = {isa = PBXFileReference; lastKnownFileType = sourcecode.swift; path = Macro.swift; sourceTree = "<group>"; };
		044799DE29B1906900C1AF12 /* MacroUI.swift */ = {isa = PBXFileReference; lastKnownFileType = sourcecode.swift; path = MacroUI.swift; sourceTree = "<group>"; };
		0ABC2FDA2697F8416C3A2347 /* Pods-QSwiftList.debug.xcconfig */ = {isa = PBXFileReference; includeInIndex = 1; lastKnownFileType = text.xcconfig; name = "Pods-QSwiftList.debug.xcconfig"; path = "Target Support Files/Pods-QSwiftList/Pods-QSwiftList.debug.xcconfig"; sourceTree = "<group>"; };
		1F1FA0AF0E17AE469116BCD0 /* Pods-QSwiftList.release.xcconfig */ = {isa = PBXFileReference; includeInIndex = 1; lastKnownFileType = text.xcconfig; name = "Pods-QSwiftList.release.xcconfig"; path = "Target Support Files/Pods-QSwiftList/Pods-QSwiftList.release.xcconfig"; sourceTree = "<group>"; };
		47380C6F8EF7B157559E35FB /* Pods_QSwiftList.framework */ = {isa = PBXFileReference; explicitFileType = wrapper.framework; includeInIndex = 0; path = Pods_QSwiftList.framework; sourceTree = BUILT_PRODUCTS_DIR; };
/* End PBXFileReference section */

/* Begin PBXFrameworksBuildPhase section */
		04161BA029B0A9FC0017C510 /* Frameworks */ = {
			isa = PBXFrameworksBuildPhase;
			buildActionMask = 2147483647;
			files = (
				F178A23524D88F42B194A6F8 /* Pods_QSwiftList.framework in Frameworks */,
			);
			runOnlyForDeploymentPostprocessing = 0;
		};
		04161BB629B0AA000017C510 /* Frameworks */ = {
			isa = PBXFrameworksBuildPhase;
			buildActionMask = 2147483647;
			files = (
			);
			runOnlyForDeploymentPostprocessing = 0;
		};
		04161BC029B0AA000017C510 /* Frameworks */ = {
			isa = PBXFrameworksBuildPhase;
			buildActionMask = 2147483647;
			files = (
			);
			runOnlyForDeploymentPostprocessing = 0;
		};
/* End PBXFrameworksBuildPhase section */

/* Begin PBXGroup section */
		04161B9A29B0A9FC0017C510 = {
			isa = PBXGroup;
			children = (
				04161BA529B0A9FC0017C510 /* QSwiftList */,
				04161BBC29B0AA000017C510 /* QSwiftListTests */,
				04161BC629B0AA000017C510 /* QSwiftListUITests */,
				04161BA429B0A9FC0017C510 /* Products */,
				26BA12C39CDE99B3FBCA5B76 /* Pods */,
				B3E8475C972D3FCA9424E338 /* Frameworks */,
			);
			sourceTree = "<group>";
		};
		04161BA429B0A9FC0017C510 /* Products */ = {
			isa = PBXGroup;
			children = (
				04161BA329B0A9FC0017C510 /* QSwiftList.app */,
				04161BB929B0AA000017C510 /* QSwiftListTests.xctest */,
				04161BC329B0AA000017C510 /* QSwiftListUITests.xctest */,
			);
			name = Products;
			sourceTree = "<group>";
		};
		04161BA529B0A9FC0017C510 /* QSwiftList */ = {
			isa = PBXGroup;
			children = (
				04161BD629B0ACCA0017C510 /* CommonView */,
				04161BD829B0ACCA0017C510 /* Manager */,
				04161BD929B0ACCA0017C510 /* Model */,
				04161BDA29B0ACCA0017C510 /* Tool */,
				04161BD729B0ACCA0017C510 /* UI */,
				04161BA629B0A9FC0017C510 /* AppDelegate.swift */,
				04161BA829B0A9FC0017C510 /* SceneDelegate.swift */,
				04161BAA29B0A9FC0017C510 /* ViewController.swift */,
				04161BAC29B0A9FC0017C510 /* Main.storyboard */,
				04161BAF29B0AA000017C510 /* Assets.xcassets */,
				04161BB129B0AA000017C510 /* LaunchScreen.storyboard */,
				04161BB429B0AA000017C510 /* Info.plist */,
			);
			path = QSwiftList;
			sourceTree = "<group>";
		};
		04161BBC29B0AA000017C510 /* QSwiftListTests */ = {
			isa = PBXGroup;
			children = (
				04161BBD29B0AA000017C510 /* QSwiftListTests.swift */,
			);
			path = QSwiftListTests;
			sourceTree = "<group>";
		};
		04161BC629B0AA000017C510 /* QSwiftListUITests */ = {
			isa = PBXGroup;
			children = (
				04161BC729B0AA000017C510 /* QSwiftListUITests.swift */,
				04161BC929B0AA000017C510 /* QSwiftListUITestsLaunchTests.swift */,
			);
			path = QSwiftListUITests;
			sourceTree = "<group>";
		};
		04161BD629B0ACCA0017C510 /* CommonView */ = {
			isa = PBXGroup;
			children = (
			);
			path = CommonView;
			sourceTree = "<group>";
		};
		04161BD729B0ACCA0017C510 /* UI */ = {
			isa = PBXGroup;
			children = (
				04161BDB29B0AD460017C510 /* Account */,
				04161BDF29B0AD460017C510 /* Base */,
				04161BDC29B0AD460017C510 /* Home */,
				04161BDD29B0AD460017C510 /* Me */,
				04161BDE29B0AD460017C510 /* Topic */,
			);
			path = UI;
			sourceTree = "<group>";
		};
		04161BD829B0ACCA0017C510 /* Manager */ = {
			isa = PBXGroup;
			children = (
			);
			path = Manager;
			sourceTree = "<group>";
		};
		04161BD929B0ACCA0017C510 /* Model */ = {
			isa = PBXGroup;
			children = (
			);
			path = Model;
			sourceTree = "<group>";
		};
		04161BDA29B0ACCA0017C510 /* Tool */ = {
			isa = PBXGroup;
			children = (
			);
			path = Tool;
			sourceTree = "<group>";
		};
		04161BDB29B0AD460017C510 /* Account */ = {
			isa = PBXGroup;
			children = (
			);
			path = Account;
			sourceTree = "<group>";
		};
		04161BDC29B0AD460017C510 /* Home */ = {
			isa = PBXGroup;
			children = (
			);
			path = Home;
			sourceTree = "<group>";
		};
		04161BDD29B0AD460017C510 /* Me */ = {
			isa = PBXGroup;
			children = (
			);
			path = Me;
			sourceTree = "<group>";
		};
		04161BDE29B0AD460017C510 /* Topic */ = {
			isa = PBXGroup;
			children = (
			);
			path = Topic;
			sourceTree = "<group>";
		};
		04161BDF29B0AD460017C510 /* Base */ = {
			isa = PBXGroup;
			children = (
				04161BE029B0AD8D0017C510 /* Macro.swift */,
				044799DE29B1906900C1AF12 /* MacroUI.swift */,
			);
			path = Base;
			sourceTree = "<group>";
		};
		26BA12C39CDE99B3FBCA5B76 /* Pods */ = {
			isa = PBXGroup;
			children = (
				0ABC2FDA2697F8416C3A2347 /* Pods-QSwiftList.debug.xcconfig */,
				1F1FA0AF0E17AE469116BCD0 /* Pods-QSwiftList.release.xcconfig */,
			);
			path = Pods;
			sourceTree = "<group>";
		};
		B3E8475C972D3FCA9424E338 /* Frameworks */ = {
			isa = PBXGroup;
			children = (
				47380C6F8EF7B157559E35FB /* Pods_QSwiftList.framework */,
			);
			name = Frameworks;
			sourceTree = "<group>";
		};
/* End PBXGroup section */

/* Begin PBXNativeTarget section */
		04161BA229B0A9FC0017C510 /* QSwiftList */ = {
			isa = PBXNativeTarget;
			buildConfigurationList = 04161BCD29B0AA000017C510 /* Build configuration list for PBXNativeTarget "QSwiftList" */;
			buildPhases = (
				69C2B9F723EBFF3EF6D4EAD2 /* [CP] Check Pods Manifest.lock */,
				04161B9F29B0A9FC0017C510 /* Sources */,
				04161BA029B0A9FC0017C510 /* Frameworks */,
				04161BA129B0A9FC0017C510 /* Resources */,
				0AE57557718E7CD82F87A4FE /* [CP] Embed Pods Frameworks */,
			);
			buildRules = (
			);
			dependencies = (
			);
			name = QSwiftList;
			productName = QSwiftList;
			productReference = 04161BA329B0A9FC0017C510 /* QSwiftList.app */;
			productType = "com.apple.product-type.application";
		};
		04161BB829B0AA000017C510 /* QSwiftListTests */ = {
			isa = PBXNativeTarget;
			buildConfigurationList = 04161BD029B0AA000017C510 /* Build configuration list for PBXNativeTarget "QSwiftListTests" */;
			buildPhases = (
				04161BB529B0AA000017C510 /* Sources */,
				04161BB629B0AA000017C510 /* Frameworks */,
				04161BB729B0AA000017C510 /* Resources */,
			);
			buildRules = (
			);
			dependencies = (
				04161BBB29B0AA000017C510 /* PBXTargetDependency */,
			);
			name = QSwiftListTests;
			productName = QSwiftListTests;
			productReference = 04161BB929B0AA000017C510 /* QSwiftListTests.xctest */;
			productType = "com.apple.product-type.bundle.unit-test";
		};
		04161BC229B0AA000017C510 /* QSwiftListUITests */ = {
			isa = PBXNativeTarget;
			buildConfigurationList = 04161BD329B0AA000017C510 /* Build configuration list for PBXNativeTarget "QSwiftListUITests" */;
			buildPhases = (
				04161BBF29B0AA000017C510 /* Sources */,
				04161BC029B0AA000017C510 /* Frameworks */,
				04161BC129B0AA000017C510 /* Resources */,
			);
			buildRules = (
			);
			dependencies = (
				04161BC529B0AA000017C510 /* PBXTargetDependency */,
			);
			name = QSwiftListUITests;
			productName = QSwiftListUITests;
			productReference = 04161BC329B0AA000017C510 /* QSwiftListUITests.xctest */;
			productType = "com.apple.product-type.bundle.ui-testing";
		};
/* End PBXNativeTarget section */

/* Begin PBXProject section */
		04161B9B29B0A9FC0017C510 /* Project object */ = {
			isa = PBXProject;
			attributes = {
				BuildIndependentTargetsInParallel = 1;
				LastSwiftUpdateCheck = 1400;
				LastUpgradeCheck = 1400;
				TargetAttributes = {
					04161BA229B0A9FC0017C510 = {
						CreatedOnToolsVersion = 14.0.1;
					};
					04161BB829B0AA000017C510 = {
						CreatedOnToolsVersion = 14.0.1;
						TestTargetID = 04161BA229B0A9FC0017C510;
					};
					04161BC229B0AA000017C510 = {
						CreatedOnToolsVersion = 14.0.1;
						TestTargetID = 04161BA229B0A9FC0017C510;
					};
				};
			};
			buildConfigurationList = 04161B9E29B0A9FC0017C510 /* Build configuration list for PBXProject "QSwiftList" */;
			compatibilityVersion = "Xcode 10.0";
			developmentRegion = en;
			hasScannedForEncodings = 0;
			knownRegions = (
				en,
				Base,
			);
			mainGroup = 04161B9A29B0A9FC0017C510;
			productRefGroup = 04161BA429B0A9FC0017C510 /* Products */;
			projectDirPath = "";
			projectRoot = "";
			targets = (
				04161BA229B0A9FC0017C510 /* QSwiftList */,
				04161BB829B0AA000017C510 /* QSwiftListTests */,
				04161BC229B0AA000017C510 /* QSwiftListUITests */,
			);
		};
/* End PBXProject section */

/* Begin PBXResourcesBuildPhase section */
		04161BA129B0A9FC0017C510 /* Resources */ = {
			isa = PBXResourcesBuildPhase;
			buildActionMask = 2147483647;
			files = (
				04161BB329B0AA000017C510 /* LaunchScreen.storyboard in Resources */,
				04161BB029B0AA000017C510 /* Assets.xcassets in Resources */,
				04161BAE29B0A9FC0017C510 /* Main.storyboard in Resources */,
			);
			runOnlyForDeploymentPostprocessing = 0;
		};
		04161BB729B0AA000017C510 /* Resources */ = {
			isa = PBXResourcesBuildPhase;
			buildActionMask = 2147483647;
			files = (
			);
			runOnlyForDeploymentPostprocessing = 0;
		};
		04161BC129B0AA000017C510 /* Resources */ = {
			isa = PBXResourcesBuildPhase;
			buildActionMask = 2147483647;
			files = (
			);
			runOnlyForDeploymentPostprocessing = 0;
		};
/* End PBXResourcesBuildPhase section */

/* Begin PBXShellScriptBuildPhase section */
		0AE57557718E7CD82F87A4FE /* [CP] Embed Pods Frameworks */ = {
			isa = PBXShellScriptBuildPhase;
			buildActionMask = 2147483647;
			files = (
			);
			inputFileListPaths = (
				"${PODS_ROOT}/Target Support Files/Pods-QSwiftList/Pods-QSwiftList-frameworks-${CONFIGURATION}-input-files.xcfilelist",
			);
			name = "[CP] Embed Pods Frameworks";
			outputFileListPaths = (
				"${PODS_ROOT}/Target Support Files/Pods-QSwiftList/Pods-QSwiftList-frameworks-${CONFIGURATION}-output-files.xcfilelist",
			);
			runOnlyForDeploymentPostprocessing = 0;
			shellPath = /bin/sh;
			shellScript = "\"${PODS_ROOT}/Target Support Files/Pods-QSwiftList/Pods-QSwiftList-frameworks.sh\"\n";
			showEnvVarsInLog = 0;
		};
		69C2B9F723EBFF3EF6D4EAD2 /* [CP] Check Pods Manifest.lock */ = {
			isa = PBXShellScriptBuildPhase;
			buildActionMask = 2147483647;
			files = (
			);
			inputFileListPaths = (
			);
			inputPaths = (
				"${PODS_PODFILE_DIR_PATH}/Podfile.lock",
				"${PODS_ROOT}/Manifest.lock",
			);
			name = "[CP] Check Pods Manifest.lock";
			outputFileListPaths = (
			);
			outputPaths = (
				"$(DERIVED_FILE_DIR)/Pods-QSwiftList-checkManifestLockResult.txt",
			);
			runOnlyForDeploymentPostprocessing = 0;
			shellPath = /bin/sh;
			shellScript = "diff \"${PODS_PODFILE_DIR_PATH}/Podfile.lock\" \"${PODS_ROOT}/Manifest.lock\" > /dev/null\nif [ $? != 0 ] ; then\n    # print error to STDERR\n    echo \"error: The sandbox is not in sync with the Podfile.lock. Run 'pod install' or update your CocoaPods installation.\" >&2\n    exit 1\nfi\n# This output is used by Xcode 'outputs' to avoid re-running this script phase.\necho \"SUCCESS\" > \"${SCRIPT_OUTPUT_FILE_0}\"\n";
			showEnvVarsInLog = 0;
		};
/* End PBXShellScriptBuildPhase section */

/* Begin PBXSourcesBuildPhase section */
		04161B9F29B0A9FC0017C510 /* Sources */ = {
			isa = PBXSourcesBuildPhase;
			buildActionMask = 2147483647;
			files = (
				04161BE129B0AD8D0017C510 /* Macro.swift in Sources */,
				04161BAB29B0A9FC0017C510 /* ViewController.swift in Sources */,
				04161BA729B0A9FC0017C510 /* AppDelegate.swift in Sources */,
				04161BA929B0A9FC0017C510 /* SceneDelegate.swift in Sources */,
				044799DF29B1906900C1AF12 /* MacroUI.swift in Sources */,
			);
			runOnlyForDeploymentPostprocessing = 0;
		};
		04161BB529B0AA000017C510 /* Sources */ = {
			isa = PBXSourcesBuildPhase;
			buildActionMask = 2147483647;
			files = (
				04161BBE29B0AA000017C510 /* QSwiftListTests.swift in Sources */,
			);
			runOnlyForDeploymentPostprocessing = 0;
		};
		04161BBF29B0AA000017C510 /* Sources */ = {
			isa = PBXSourcesBuildPhase;
			buildActionMask = 2147483647;
			files = (
				04161BCA29B0AA000017C510 /* QSwiftListUITestsLaunchTests.swift in Sources */,
				04161BC829B0AA000017C510 /* QSwiftListUITests.swift in Sources */,
			);
			runOnlyForDeploymentPostprocessing = 0;
		};
/* End PBXSourcesBuildPhase section */

/* Begin PBXTargetDependency section */
		04161BBB29B0AA000017C510 /* PBXTargetDependency */ = {
			isa = PBXTargetDependency;
			target = 04161BA229B0A9FC0017C510 /* QSwiftList */;
			targetProxy = 04161BBA29B0AA000017C510 /* PBXContainerItemProxy */;
		};
		04161BC529B0AA000017C510 /* PBXTargetDependency */ = {
			isa = PBXTargetDependency;
			target = 04161BA229B0A9FC0017C510 /* QSwiftList */;
			targetProxy = 04161BC429B0AA000017C510 /* PBXContainerItemProxy */;
		};
/* End PBXTargetDependency section */

/* Begin PBXVariantGroup section */
		04161BAC29B0A9FC0017C510 /* Main.storyboard */ = {
			isa = PBXVariantGroup;
			children = (
				04161BAD29B0A9FC0017C510 /* Base */,
			);
			name = Main.storyboard;
			sourceTree = "<group>";
		};
		04161BB129B0AA000017C510 /* LaunchScreen.storyboard */ = {
			isa = PBXVariantGroup;
			children = (
				04161BB229B0AA000017C510 /* Base */,
			);
			name = LaunchScreen.storyboard;
			sourceTree = "<group>";
		};
/* End PBXVariantGroup section */

/* Begin XCBuildConfiguration section */
		04161BCB29B0AA000017C510 /* Debug */ = {
			isa = XCBuildConfiguration;
			buildSettings = {
				ALWAYS_SEARCH_USER_PATHS = NO;
				CLANG_ANALYZER_NONNULL = YES;
				CLANG_ANALYZER_NUMBER_OBJECT_CONVERSION = YES_AGGRESSIVE;
				CLANG_CXX_LANGUAGE_STANDARD = "gnu++20";
				CLANG_ENABLE_MODULES = YES;
				CLANG_ENABLE_OBJC_ARC = YES;
				CLANG_ENABLE_OBJC_WEAK = YES;
				CLANG_WARN_BLOCK_CAPTURE_AUTORELEASING = YES;
				CLANG_WARN_BOOL_CONVERSION = YES;
				CLANG_WARN_COMMA = YES;
				CLANG_WARN_CONSTANT_CONVERSION = YES;
				CLANG_WARN_DEPRECATED_OBJC_IMPLEMENTATIONS = YES;
				CLANG_WARN_DIRECT_OBJC_ISA_USAGE = YES_ERROR;
				CLANG_WARN_DOCUMENTATION_COMMENTS = YES;
				CLANG_WARN_EMPTY_BODY = YES;
				CLANG_WARN_ENUM_CONVERSION = YES;
				CLANG_WARN_INFINITE_RECURSION = YES;
				CLANG_WARN_INT_CONVERSION = YES;
				CLANG_WARN_NON_LITERAL_NULL_CONVERSION = YES;
				CLANG_WARN_OBJC_IMPLICIT_RETAIN_SELF = YES;
				CLANG_WARN_OBJC_LITERAL_CONVERSION = YES;
				CLANG_WARN_OBJC_ROOT_CLASS = YES_ERROR;
				CLANG_WARN_QUOTED_INCLUDE_IN_FRAMEWORK_HEADER = YES;
				CLANG_WARN_RANGE_LOOP_ANALYSIS = YES;
				CLANG_WARN_STRICT_PROTOTYPES = YES;
				CLANG_WARN_SUSPICIOUS_MOVE = YES;
				CLANG_WARN_UNGUARDED_AVAILABILITY = YES_AGGRESSIVE;
				CLANG_WARN_UNREACHABLE_CODE = YES;
				CLANG_WARN__DUPLICATE_METHOD_MATCH = YES;
				COPY_PHASE_STRIP = NO;
				DEBUG_INFORMATION_FORMAT = dwarf;
				ENABLE_STRICT_OBJC_MSGSEND = YES;
				ENABLE_TESTABILITY = YES;
				GCC_C_LANGUAGE_STANDARD = gnu11;
				GCC_DYNAMIC_NO_PIC = NO;
				GCC_NO_COMMON_BLOCKS = YES;
				GCC_OPTIMIZATION_LEVEL = 0;
				GCC_PREPROCESSOR_DEFINITIONS = (
					"DEBUG=1",
					"$(inherited)",
				);
				GCC_WARN_64_TO_32_BIT_CONVERSION = YES;
				GCC_WARN_ABOUT_RETURN_TYPE = YES_ERROR;
				GCC_WARN_UNDECLARED_SELECTOR = YES;
				GCC_WARN_UNINITIALIZED_AUTOS = YES_AGGRESSIVE;
				GCC_WARN_UNUSED_FUNCTION = YES;
				GCC_WARN_UNUSED_VARIABLE = YES;
				IPHONEOS_DEPLOYMENT_TARGET = 16.0;
				MTL_ENABLE_DEBUG_INFO = INCLUDE_SOURCE;
				MTL_FAST_MATH = YES;
				ONLY_ACTIVE_ARCH = YES;
				SDKROOT = iphoneos;
				SWIFT_ACTIVE_COMPILATION_CONDITIONS = DEBUG;
				SWIFT_OPTIMIZATION_LEVEL = "-Onone";
			};
			name = Debug;
		};
		04161BCC29B0AA000017C510 /* Release */ = {
			isa = XCBuildConfiguration;
			buildSettings = {
				ALWAYS_SEARCH_USER_PATHS = NO;
				CLANG_ANALYZER_NONNULL = YES;
				CLANG_ANALYZER_NUMBER_OBJECT_CONVERSION = YES_AGGRESSIVE;
				CLANG_CXX_LANGUAGE_STANDARD = "gnu++20";
				CLANG_ENABLE_MODULES = YES;
				CLANG_ENABLE_OBJC_ARC = YES;
				CLANG_ENABLE_OBJC_WEAK = YES;
				CLANG_WARN_BLOCK_CAPTURE_AUTORELEASING = YES;
				CLANG_WARN_BOOL_CONVERSION = YES;
				CLANG_WARN_COMMA = YES;
				CLANG_WARN_CONSTANT_CONVERSION = YES;
				CLANG_WARN_DEPRECATED_OBJC_IMPLEMENTATIONS = YES;
				CLANG_WARN_DIRECT_OBJC_ISA_USAGE = YES_ERROR;
				CLANG_WARN_DOCUMENTATION_COMMENTS = YES;
				CLANG_WARN_EMPTY_BODY = YES;
				CLANG_WARN_ENUM_CONVERSION = YES;
				CLANG_WARN_INFINITE_RECURSION = YES;
				CLANG_WARN_INT_CONVERSION = YES;
				CLANG_WARN_NON_LITERAL_NULL_CONVERSION = YES;
				CLANG_WARN_OBJC_IMPLICIT_RETAIN_SELF = YES;
				CLANG_WARN_OBJC_LITERAL_CONVERSION = YES;
				CLANG_WARN_OBJC_ROOT_CLASS = YES_ERROR;
				CLANG_WARN_QUOTED_INCLUDE_IN_FRAMEWORK_HEADER = YES;
				CLANG_WARN_RANGE_LOOP_ANALYSIS = YES;
				CLANG_WARN_STRICT_PROTOTYPES = YES;
				CLANG_WARN_SUSPICIOUS_MOVE = YES;
				CLANG_WARN_UNGUARDED_AVAILABILITY = YES_AGGRESSIVE;
				CLANG_WARN_UNREACHABLE_CODE = YES;
				CLANG_WARN__DUPLICATE_METHOD_MATCH = YES;
				COPY_PHASE_STRIP = NO;
				DEBUG_INFORMATION_FORMAT = "dwarf-with-dsym";
				ENABLE_NS_ASSERTIONS = NO;
				ENABLE_STRICT_OBJC_MSGSEND = YES;
				GCC_C_LANGUAGE_STANDARD = gnu11;
				GCC_NO_COMMON_BLOCKS = YES;
				GCC_WARN_64_TO_32_BIT_CONVERSION = YES;
				GCC_WARN_ABOUT_RETURN_TYPE = YES_ERROR;
				GCC_WARN_UNDECLARED_SELECTOR = YES;
				GCC_WARN_UNINITIALIZED_AUTOS = YES_AGGRESSIVE;
				GCC_WARN_UNUSED_FUNCTION = YES;
				GCC_WARN_UNUSED_VARIABLE = YES;
				IPHONEOS_DEPLOYMENT_TARGET = 16.0;
				MTL_ENABLE_DEBUG_INFO = NO;
				MTL_FAST_MATH = YES;
				SDKROOT = iphoneos;
				SWIFT_COMPILATION_MODE = wholemodule;
				SWIFT_OPTIMIZATION_LEVEL = "-O";
				VALIDATE_PRODUCT = YES;
			};
			name = Release;
		};
		04161BCE29B0AA000017C510 /* Debug */ = {
			isa = XCBuildConfiguration;
			baseConfigurationReference = 0ABC2FDA2697F8416C3A2347 /* Pods-QSwiftList.debug.xcconfig */;
			buildSettings = {
				ASSETCATALOG_COMPILER_APPICON_NAME = AppIcon;
				ASSETCATALOG_COMPILER_GLOBAL_ACCENT_COLOR_NAME = AccentColor;
				CODE_SIGN_STYLE = Automatic;
				CURRENT_PROJECT_VERSION = 1;
				DEVELOPMENT_TEAM = 9GUCHT7A4J;
				GENERATE_INFOPLIST_FILE = YES;
				INFOPLIST_FILE = QSwiftList/Info.plist;
				INFOPLIST_KEY_UIApplicationSupportsIndirectInputEvents = YES;
				INFOPLIST_KEY_UILaunchStoryboardName = LaunchScreen;
				INFOPLIST_KEY_UIMainStoryboardFile = Main;
				INFOPLIST_KEY_UISupportedInterfaceOrientations_iPad = "UIInterfaceOrientationPortrait UIInterfaceOrientationPortraitUpsideDown UIInterfaceOrientationLandscapeLeft UIInterfaceOrientationLandscapeRight";
				INFOPLIST_KEY_UISupportedInterfaceOrientations_iPhone = "UIInterfaceOrientationPortrait UIInterfaceOrientationLandscapeLeft UIInterfaceOrientationLandscapeRight";
				LD_RUNPATH_SEARCH_PATHS = (
					"$(inherited)",
					"@executable_path/Frameworks",
				);
				MARKETING_VERSION = 1.0;
				PRODUCT_BUNDLE_IDENTIFIER = com.topapp.swiftlist.QSwiftList;
				PRODUCT_NAME = "$(TARGET_NAME)";
				SWIFT_EMIT_LOC_STRINGS = YES;
				SWIFT_VERSION = 5.0;
				TARGETED_DEVICE_FAMILY = "1,2";
			};
			name = Debug;
		};
		04161BCF29B0AA000017C510 /* Release */ = {
			isa = XCBuildConfiguration;
			baseConfigurationReference = 1F1FA0AF0E17AE469116BCD0 /* Pods-QSwiftList.release.xcconfig */;
			buildSettings = {
				ASSETCATALOG_COMPILER_APPICON_NAME = AppIcon;
				ASSETCATALOG_COMPILER_GLOBAL_ACCENT_COLOR_NAME = AccentColor;
				CODE_SIGN_STYLE = Automatic;
				CURRENT_PROJECT_VERSION = 1;
				DEVELOPMENT_TEAM = 9GUCHT7A4J;
				GENERATE_INFOPLIST_FILE = YES;
				INFOPLIST_FILE = QSwiftList/Info.plist;
				INFOPLIST_KEY_UIApplicationSupportsIndirectInputEvents = YES;
				INFOPLIST_KEY_UILaunchStoryboardName = LaunchScreen;
				INFOPLIST_KEY_UIMainStoryboardFile = Main;
				INFOPLIST_KEY_UISupportedInterfaceOrientations_iPad = "UIInterfaceOrientationPortrait UIInterfaceOrientationPortraitUpsideDown UIInterfaceOrientationLandscapeLeft UIInterfaceOrientationLandscapeRight";
				INFOPLIST_KEY_UISupportedInterfaceOrientations_iPhone = "UIInterfaceOrientationPortrait UIInterfaceOrientationLandscapeLeft UIInterfaceOrientationLandscapeRight";
				LD_RUNPATH_SEARCH_PATHS = (
					"$(inherited)",
					"@executable_path/Frameworks",
				);
				MARKETING_VERSION = 1.0;
				PRODUCT_BUNDLE_IDENTIFIER = com.topapp.swiftlist.QSwiftList;
				PRODUCT_NAME = "$(TARGET_NAME)";
				SWIFT_EMIT_LOC_STRINGS = YES;
				SWIFT_VERSION = 5.0;
				TARGETED_DEVICE_FAMILY = "1,2";
			};
			name = Release;
		};
		04161BD129B0AA000017C510 /* Debug */ = {
			isa = XCBuildConfiguration;
			buildSettings = {
				ALWAYS_EMBED_SWIFT_STANDARD_LIBRARIES = YES;
				BUNDLE_LOADER = "$(TEST_HOST)";
				CODE_SIGN_STYLE = Automatic;
				CURRENT_PROJECT_VERSION = 1;
				DEVELOPMENT_TEAM = 9GUCHT7A4J;
				GENERATE_INFOPLIST_FILE = YES;
				IPHONEOS_DEPLOYMENT_TARGET = 16.0;
				MARKETING_VERSION = 1.0;
				PRODUCT_BUNDLE_IDENTIFIER = com.topapp.swiftlist.QSwiftListTests;
				PRODUCT_NAME = "$(TARGET_NAME)";
				SWIFT_EMIT_LOC_STRINGS = NO;
				SWIFT_VERSION = 5.0;
				TARGETED_DEVICE_FAMILY = "1,2";
				TEST_HOST = "$(BUILT_PRODUCTS_DIR)/QSwiftList.app/$(BUNDLE_EXECUTABLE_FOLDER_PATH)/QSwiftList";
			};
			name = Debug;
		};
		04161BD229B0AA000017C510 /* Release */ = {
			isa = XCBuildConfiguration;
			buildSettings = {
				ALWAYS_EMBED_SWIFT_STANDARD_LIBRARIES = YES;
				BUNDLE_LOADER = "$(TEST_HOST)";
				CODE_SIGN_STYLE = Automatic;
				CURRENT_PROJECT_VERSION = 1;
				DEVELOPMENT_TEAM = 9GUCHT7A4J;
				GENERATE_INFOPLIST_FILE = YES;
				IPHONEOS_DEPLOYMENT_TARGET = 16.0;
				MARKETING_VERSION = 1.0;
				PRODUCT_BUNDLE_IDENTIFIER = com.topapp.swiftlist.QSwiftListTests;
				PRODUCT_NAME = "$(TARGET_NAME)";
				SWIFT_EMIT_LOC_STRINGS = NO;
				SWIFT_VERSION = 5.0;
				TARGETED_DEVICE_FAMILY = "1,2";
				TEST_HOST = "$(BUILT_PRODUCTS_DIR)/QSwiftList.app/$(BUNDLE_EXECUTABLE_FOLDER_PATH)/QSwiftList";
			};
			name = Release;
		};
		04161BD429B0AA000017C510 /* Debug */ = {
			isa = XCBuildConfiguration;
			buildSettings = {
				ALWAYS_EMBED_SWIFT_STANDARD_LIBRARIES = YES;
				CODE_SIGN_STYLE = Automatic;
				CURRENT_PROJECT_VERSION = 1;
				DEVELOPMENT_TEAM = 9GUCHT7A4J;
				GENERATE_INFOPLIST_FILE = YES;
				MARKETING_VERSION = 1.0;
				PRODUCT_BUNDLE_IDENTIFIER = com.topapp.swiftlist.QSwiftListUITests;
				PRODUCT_NAME = "$(TARGET_NAME)";
				SWIFT_EMIT_LOC_STRINGS = NO;
				SWIFT_VERSION = 5.0;
				TARGETED_DEVICE_FAMILY = "1,2";
				TEST_TARGET_NAME = QSwiftList;
			};
			name = Debug;
		};
		04161BD529B0AA000017C510 /* Release */ = {
			isa = XCBuildConfiguration;
			buildSettings = {
				ALWAYS_EMBED_SWIFT_STANDARD_LIBRARIES = YES;
				CODE_SIGN_STYLE = Automatic;
				CURRENT_PROJECT_VERSION = 1;
				DEVELOPMENT_TEAM = 9GUCHT7A4J;
				GENERATE_INFOPLIST_FILE = YES;
				MARKETING_VERSION = 1.0;
				PRODUCT_BUNDLE_IDENTIFIER = com.topapp.swiftlist.QSwiftListUITests;
				PRODUCT_NAME = "$(TARGET_NAME)";
				SWIFT_EMIT_LOC_STRINGS = NO;
				SWIFT_VERSION = 5.0;
				TARGETED_DEVICE_FAMILY = "1,2";
				TEST_TARGET_NAME = QSwiftList;
			};
			name = Release;
		};
/* End XCBuildConfiguration section */

/* Begin XCConfigurationList section */
		04161B9E29B0A9FC0017C510 /* Build configuration list for PBXProject "QSwiftList" */ = {
			isa = XCConfigurationList;
			buildConfigurations = (
				04161BCB29B0AA000017C510 /* Debug */,
				04161BCC29B0AA000017C510 /* Release */,
			);
			defaultConfigurationIsVisible = 0;
			defaultConfigurationName = Release;
		};
		04161BCD29B0AA000017C510 /* Build configuration list for PBXNativeTarget "QSwiftList" */ = {
			isa = XCConfigurationList;
			buildConfigurations = (
				04161BCE29B0AA000017C510 /* Debug */,
				04161BCF29B0AA000017C510 /* Release */,
			);
			defaultConfigurationIsVisible = 0;
			defaultConfigurationName = Release;
		};
		04161BD029B0AA000017C510 /* Build configuration list for PBXNativeTarget "QSwiftListTests" */ = {
			isa = XCConfigurationList;
			buildConfigurations = (
				04161BD129B0AA000017C510 /* Debug */,
				04161BD229B0AA000017C510 /* Release */,
			);
			defaultConfigurationIsVisible = 0;
			defaultConfigurationName = Release;
		};
		04161BD329B0AA000017C510 /* Build configuration list for PBXNativeTarget "QSwiftListUITests" */ = {
			isa = XCConfigurationList;
			buildConfigurations = (
				04161BD429B0AA000017C510 /* Debug */,
				04161BD529B0AA000017C510 /* Release */,
			);
			defaultConfigurationIsVisible = 0;
			defaultConfigurationName = Release;
		};
/* End XCConfigurationList section */
	};
	rootObject = 04161B9B29B0A9FC0017C510 /* Project object */;
}
